
Microsoft Visual Studio Solution File, Format Version 12.00
# Visual Studio Version 17
VisualStudioVersion = 17.4.33122.133
MinimumVisualStudioVersion = 10.0.40219.1
Project("{FAE04EC0-301F-11D3-BF4B-00C04F79EFBC}") = "BlazorBooks.Server", "BlazorBooks\Server\BlazorBooks.Server.csproj", "{C39EC357-1635-4863-BADC-CEE6CF555CB9}"
EndProject
Project("{FAE04EC0-301F-11D3-BF4B-00C04F79EFBC}") = "BlazorBooks.Client", "BlazorBooks\Client\BlazorBooks.Client.csproj", "{75BCA5DD-EF4B-4874-AFE6-737069AEA7B3}"
EndProject
Project("{FAE04EC0-301F-11D3-BF4B-00C04F79EFBC}") = "BlazorBooks.Shared", "BlazorBooks\Shared\BlazorBooks.Shared.csproj", "{C95AEEAC-ECF0-4090-AF22-3B620E94D9C1}"
EndProject
Global
	GlobalSection(SolutionConfigurationPlatforms) = preSolution
		Debug|Any CPU = Debug|Any CPU
		Release|Any CPU = Release|Any CPU
	EndGlobalSection
	GlobalSection(ProjectConfigurationPlatforms) = postSolution
		{C39EC357-1635-4863-BADC-CEE6CF555CB9}.Debug|Any CPU.ActiveCfg = Debug|Any CPU
		{C39EC357-1635-4863-BADC-CEE6CF555CB9}.Debug|Any CPU.Build.0 = Debug|Any CPU
		{C39EC357-1635-4863-BADC-CEE6CF555CB9}.Release|Any CPU.ActiveCfg = Release|Any CPU
		{C39EC357-1635-4863-BADC-CEE6CF555CB9}.Release|Any CPU.Build.0 = Release|Any CPU
		{75BCA5DD-EF4B-4874-AFE6-737069AEA7B3}.Debug|Any CPU.ActiveCfg = Debug|Any CPU
		{75BCA5DD-EF4B-4874-AFE6-737069AEA7B3}.Debug|Any CPU.Build.0 = Debug|Any CPU
		{75BCA5DD-EF4B-4874-AFE6-737069AEA7B3}.Release|Any CPU.ActiveCfg = Release|Any CPU
		{75BCA5DD-EF4B-4874-AFE6-737069AEA7B3}.Release|Any CPU.Build.0 = Release|Any CPU
		{C95AEEAC-ECF0-4090-AF22-3B620E94D9C1}.Debug|Any CPU.ActiveCfg = Debug|Any CPU
		{C95AEEAC-ECF0-4090-AF22-3B620E94D9C1}.Debug|Any CPU.Build.0 = Debug|Any CPU
		{C95AEEAC-ECF0-4090-AF22-3B620E94D9C1}.Release|Any CPU.ActiveCfg = Release|Any CPU
		{C95AEEAC-ECF0-4090-AF22-3B620E94D9C1}.Release|Any CPU.Build.0 = Release|Any CPU
	EndGlobalSection
	GlobalSection(SolutionProperties) = preSolution
		HideSolutionNode = FALSE
	EndGlobalSection
	GlobalSection(ExtensibilityGlobals) = postSolution
		SolutionGuid = {C87FB11F-B33D-4844-8CEA-B2FECDF346F2}
	EndGlobalSection
EndGlobal
